// !$*UTF8*$!
{
	archiveVersion = 1;
	classes = {
	};
	objectVersion = 56;
	objects = {

/* Begin PBXBuildFile section */
		0100FCCD2C3D3764006FACAE /* TaskListItemView.swift in Sources */ = {isa = PBXBuildFile; fileRef = 0100FCCC2C3D3764006FACAE /* TaskListItemView.swift */; };
		010F155E2BFF459000AD2F66 /* ContentViewSelection.swift in Sources */ = {isa = PBXBuildFile; fileRef = 010F155D2BFF459000AD2F66 /* ContentViewSelection.swift */; };
		0111A7342BFD597300DDED68 /* HomeView.swift in Sources */ = {isa = PBXBuildFile; fileRef = 0111A7332BFD597300DDED68 /* HomeView.swift */; };
		0111A7362BFD640400DDED68 /* FileViewModel.swift in Sources */ = {isa = PBXBuildFile; fileRef = 0111A7352BFD640400DDED68 /* FileViewModel.swift */; };
		0111A7382BFDF4A900DDED68 /* SidebarView.swift in Sources */ = {isa = PBXBuildFile; fileRef = 0111A7372BFDF4A900DDED68 /* SidebarView.swift */; };
		011AAA4F2C4468C000ED7BE2 /* SettingsManager.swift in Sources */ = {isa = PBXBuildFile; fileRef = 011AAA4E2C4468C000ED7BE2 /* SettingsManager.swift */; };
		011AAA512C44691900ED7BE2 /* EnvironmentSelector.swift in Sources */ = {isa = PBXBuildFile; fileRef = 011AAA502C44691900ED7BE2 /* EnvironmentSelector.swift */; };
		01201F5C2BF2BB6200DF973E /* ZettelgardenApp.swift in Sources */ = {isa = PBXBuildFile; fileRef = 01201F5B2BF2BB6200DF973E /* ZettelgardenApp.swift */; };
		01201F5E2BF2BB6200DF973E /* ContentView.swift in Sources */ = {isa = PBXBuildFile; fileRef = 01201F5D2BF2BB6200DF973E /* ContentView.swift */; };
		01201F602BF2BB6300DF973E /* Assets.xcassets in Resources */ = {isa = PBXBuildFile; fileRef = 01201F5F2BF2BB6300DF973E /* Assets.xcassets */; };
		01201F632BF2BB6400DF973E /* Preview Assets.xcassets in Resources */ = {isa = PBXBuildFile; fileRef = 01201F622BF2BB6400DF973E /* Preview Assets.xcassets */; };
		01201F6D2BF2BB6400DF973E /* ZettelgardenTests.swift in Sources */ = {isa = PBXBuildFile; fileRef = 01201F6C2BF2BB6400DF973E /* ZettelgardenTests.swift */; };
		01201F772BF2BB6400DF973E /* ZettelgardenUITests.swift in Sources */ = {isa = PBXBuildFile; fileRef = 01201F762BF2BB6400DF973E /* ZettelgardenUITests.swift */; };
		01201F792BF2BB6400DF973E /* ZettelgardenUITestsLaunchTests.swift in Sources */ = {isa = PBXBuildFile; fileRef = 01201F782BF2BB6400DF973E /* ZettelgardenUITestsLaunchTests.swift */; };
		01201F872BF2BBCE00DF973E /* Card.swift in Sources */ = {isa = PBXBuildFile; fileRef = 01201F862BF2BBCE00DF973E /* Card.swift */; };
		01201F8B2BF2BE4000DF973E /* CardDisplayView.swift in Sources */ = {isa = PBXBuildFile; fileRef = 01201F8A2BF2BE4000DF973E /* CardDisplayView.swift */; };
		01201F8D2BF2C9AB00DF973E /* CardListView.swift in Sources */ = {isa = PBXBuildFile; fileRef = 01201F8C2BF2C9AB00DF973E /* CardListView.swift */; };
		01201F8F2BF2C9E000DF973E /* CardListItem.swift in Sources */ = {isa = PBXBuildFile; fileRef = 01201F8E2BF2C9E000DF973E /* CardListItem.swift */; };
		013C75E72C6EA7A100838E7B /* TaskListContextMenu.swift in Sources */ = {isa = PBXBuildFile; fileRef = 013C75E62C6EA7A100838E7B /* TaskListContextMenu.swift */; };
		0144E9D72BF55DCA007D4EAD /* Utils.swift in Sources */ = {isa = PBXBuildFile; fileRef = 0144E9D62BF55DCA007D4EAD /* Utils.swift */; };
		016D00002C6CD85000339760 /* TaskDateTextDisplay.swift in Sources */ = {isa = PBXBuildFile; fileRef = 016DFFFF2C6CD85000339760 /* TaskDateTextDisplay.swift */; };
		016D00022C6CE0EF00339760 /* NavigationViewModel.swift in Sources */ = {isa = PBXBuildFile; fileRef = 016D00012C6CE0EF00339760 /* NavigationViewModel.swift */; };
		016D00042C6CE1F600339760 /* Visit.swift in Sources */ = {isa = PBXBuildFile; fileRef = 016D00032C6CE1F600339760 /* Visit.swift */; };
		016DFFE62C68DA7A00339760 /* TaskListOptionsMenu.swift in Sources */ = {isa = PBXBuildFile; fileRef = 016DFFE52C68DA7A00339760 /* TaskListOptionsMenu.swift */; };
		01759F192C3E092D00918E10 /* TaskListView.swift in Sources */ = {isa = PBXBuildFile; fileRef = 01759F182C3E092D00918E10 /* TaskListView.swift */; };
		01759F1E2C3E958100918E10 /* TaskViewModel.swift in Sources */ = {isa = PBXBuildFile; fileRef = 01759F1D2C3E958100918E10 /* TaskViewModel.swift */; };
		01759F202C3E9B9D00918E10 /* GenericResponse.swift in Sources */ = {isa = PBXBuildFile; fileRef = 01759F1F2C3E9B9D00918E10 /* GenericResponse.swift */; };
		01759F222C3F38CF00918E10 /* AddTaskView.swift in Sources */ = {isa = PBXBuildFile; fileRef = 01759F212C3F38CF00918E10 /* AddTaskView.swift */; };
		01759F242C3F666C00918E10 /* EditTaskView.swift in Sources */ = {isa = PBXBuildFile; fileRef = 01759F232C3F666C00918E10 /* EditTaskView.swift */; };
		01953E732C72040A00F44FAD /* FloatingButton.swift in Sources */ = {isa = PBXBuildFile; fileRef = 01953E722C72040A00F44FAD /* FloatingButton.swift */; };
		01953E7B2C7681B700F44FAD /* ShareViewController.swift in Sources */ = {isa = PBXBuildFile; fileRef = 01953E7A2C7681B700F44FAD /* ShareViewController.swift */; };
		01953E822C7681B700F44FAD /* ZettelgardenShare.appex in Embed Foundation Extensions */ = {isa = PBXBuildFile; fileRef = 01953E782C7681B700F44FAD /* ZettelgardenShare.appex */; settings = {ATTRIBUTES = (RemoveHeadersOnCopy, ); }; };
		01953EB22C76845500F44FAD /* ZettelgardenShared.docc in Sources */ = {isa = PBXBuildFile; fileRef = 01953EB12C76845500F44FAD /* ZettelgardenShared.docc */; };
		01953EB32C76845500F44FAD /* ZettelgardenShared.h in Headers */ = {isa = PBXBuildFile; fileRef = 01953EB02C76845500F44FAD /* ZettelgardenShared.h */; settings = {ATTRIBUTES = (Public, ); }; };
		01953EB62C76845500F44FAD /* ZettelgardenShared.framework in Frameworks */ = {isa = PBXBuildFile; fileRef = 01953EAE2C76845500F44FAD /* ZettelgardenShared.framework */; };
		01953EB72C76845500F44FAD /* ZettelgardenShared.framework in Embed Frameworks */ = {isa = PBXBuildFile; fileRef = 01953EAE2C76845500F44FAD /* ZettelgardenShared.framework */; settings = {ATTRIBUTES = (CodeSignOnCopy, RemoveHeadersOnCopy, ); }; };
		01953EBF2C768B9100F44FAD /* ShareAddTaskView.swift in Sources */ = {isa = PBXBuildFile; fileRef = 01953EBE2C768B9100F44FAD /* ShareAddTaskView.swift */; };
		01953ED12C76970300F44FAD /* Dates.swift in Sources */ = {isa = PBXBuildFile; fileRef = 01759F1B2C3E915800918E10 /* Dates.swift */; };
		01953ED32C769EBD00F44FAD /* Http.swift in Sources */ = {isa = PBXBuildFile; fileRef = 01953ED22C769EBD00F44FAD /* Http.swift */; };
		01953ED62C769FD500F44FAD /* Tasks.swift in Sources */ = {isa = PBXBuildFile; fileRef = 01953ED52C769FD500F44FAD /* Tasks.swift */; };
		01953ED92C769FE900F44FAD /* ZTask.swift in Sources */ = {isa = PBXBuildFile; fileRef = 01953ED82C769FE900F44FAD /* ZTask.swift */; };
		01953EDB2C76A10700F44FAD /* PartialCard.swift in Sources */ = {isa = PBXBuildFile; fileRef = 01953EDA2C76A10700F44FAD /* PartialCard.swift */; };
		01953EDD2C76A35900F44FAD /* TaskListViewModel.swift in Sources */ = {isa = PBXBuildFile; fileRef = 01953EDC2C76A35900F44FAD /* TaskListViewModel.swift */; };
		01953EDF2C76A4D700F44FAD /* GenericResponse.swift in Sources */ = {isa = PBXBuildFile; fileRef = 01953EDE2C76A4D700F44FAD /* GenericResponse.swift */; };
		01B888072BF6C72E00B3ACF1 /* SearchView.swift in Sources */ = {isa = PBXBuildFile; fileRef = 01B888062BF6C72E00B3ACF1 /* SearchView.swift */; };
		01B8880A2BF6CA9900B3ACF1 /* SearchViewModel.swift in Sources */ = {isa = PBXBuildFile; fileRef = 01B888092BF6CA9900B3ACF1 /* SearchViewModel.swift */; };
		01B8880C2BF762D800B3ACF1 /* CardViewModel.swift in Sources */ = {isa = PBXBuildFile; fileRef = 01B8880B2BF762D800B3ACF1 /* CardViewModel.swift */; };
		01B888122BF843BE00B3ACF1 /* FilterFieldView.swift in Sources */ = {isa = PBXBuildFile; fileRef = 01B888112BF843BE00B3ACF1 /* FilterFieldView.swift */; };
		01B888182BFA1CA200B3ACF1 /* QuickAddMenu.swift in Sources */ = {isa = PBXBuildFile; fileRef = 01B888172BFA1CA200B3ACF1 /* QuickAddMenu.swift */; };
		01B8881A2BFB5F7D00B3ACF1 /* File.swift in Sources */ = {isa = PBXBuildFile; fileRef = 01B888192BFB5F7D00B3ACF1 /* File.swift */; };
		01B8881C2BFB60FD00B3ACF1 /* FileCardListitem.swift in Sources */ = {isa = PBXBuildFile; fileRef = 01B8881B2BFB60FD00B3ACF1 /* FileCardListitem.swift */; };
		01B8881E2BFB67ED00B3ACF1 /* FileDetailView.swift in Sources */ = {isa = PBXBuildFile; fileRef = 01B8881D2BFB67ED00B3ACF1 /* FileDetailView.swift */; };
		01B888202BFB689000B3ACF1 /* IdentifiableURL.swift in Sources */ = {isa = PBXBuildFile; fileRef = 01B8881F2BFB689000B3ACF1 /* IdentifiableURL.swift */; };
		01B888222BFB8FE400B3ACF1 /* FileListView.swift in Sources */ = {isa = PBXBuildFile; fileRef = 01B888212BFB8FE400B3ACF1 /* FileListView.swift */; };
		01B888242BFB907F00B3ACF1 /* FileListViewModel.swift in Sources */ = {isa = PBXBuildFile; fileRef = 01B888232BFB907F00B3ACF1 /* FileListViewModel.swift */; };
		01B888282BFC02BA00B3ACF1 /* PartialCardViewModel.swift in Sources */ = {isa = PBXBuildFile; fileRef = 01B888272BFC02BA00B3ACF1 /* PartialCardViewModel.swift */; };
		01ECE50D2BF3747B00691C07 /* CardEditView.swift in Sources */ = {isa = PBXBuildFile; fileRef = 01ECE50C2BF3747B00691C07 /* CardEditView.swift */; };
		01ECE50F2BF422D900691C07 /* Api.swift in Sources */ = {isa = PBXBuildFile; fileRef = 01ECE50E2BF422D900691C07 /* Api.swift */; };
		01ECE5112BF43B4D00691C07 /* LoginView.swift in Sources */ = {isa = PBXBuildFile; fileRef = 01ECE5102BF43B4D00691C07 /* LoginView.swift */; };
		01ECE5132BF4C75A00691C07 /* SettingsView.swift in Sources */ = {isa = PBXBuildFile; fileRef = 01ECE5122BF4C75A00691C07 /* SettingsView.swift */; };
/* End PBXBuildFile section */

/* Begin PBXContainerItemProxy section */
		01201F692BF2BB6400DF973E /* PBXContainerItemProxy */ = {
			isa = PBXContainerItemProxy;
			containerPortal = 01201F502BF2BB6200DF973E /* Project object */;
			proxyType = 1;
			remoteGlobalIDString = 01201F572BF2BB6200DF973E;
			remoteInfo = Zettelgarden;
		};
		01201F732BF2BB6400DF973E /* PBXContainerItemProxy */ = {
			isa = PBXContainerItemProxy;
			containerPortal = 01201F502BF2BB6200DF973E /* Project object */;
			proxyType = 1;
			remoteGlobalIDString = 01201F572BF2BB6200DF973E;
			remoteInfo = Zettelgarden;
		};
		01953E802C7681B700F44FAD /* PBXContainerItemProxy */ = {
			isa = PBXContainerItemProxy;
			containerPortal = 01201F502BF2BB6200DF973E /* Project object */;
			proxyType = 1;
			remoteGlobalIDString = 01953E772C7681B700F44FAD;
			remoteInfo = ZettelgardenShare;
		};
		01953EB42C76845500F44FAD /* PBXContainerItemProxy */ = {
			isa = PBXContainerItemProxy;
			containerPortal = 01201F502BF2BB6200DF973E /* Project object */;
			proxyType = 1;
			remoteGlobalIDString = 01953EAD2C76845500F44FAD;
			remoteInfo = ZettelgardenShared;
		};
/* End PBXContainerItemProxy section */

/* Begin PBXCopyFilesBuildPhase section */
		016DFFF92C698CFE00339760 /* Embed Foundation Extensions */ = {
			isa = PBXCopyFilesBuildPhase;
			buildActionMask = 2147483647;
			dstPath = "";
			dstSubfolderSpec = 13;
			files = (
				01953E822C7681B700F44FAD /* ZettelgardenShare.appex in Embed Foundation Extensions */,
			);
			name = "Embed Foundation Extensions";
			runOnlyForDeploymentPostprocessing = 0;
		};
		01953EB82C76845500F44FAD /* Embed Frameworks */ = {
			isa = PBXCopyFilesBuildPhase;
			buildActionMask = 2147483647;
			dstPath = "";
			dstSubfolderSpec = 10;
			files = (
				01953EB72C76845500F44FAD /* ZettelgardenShared.framework in Embed Frameworks */,
			);
			name = "Embed Frameworks";
			runOnlyForDeploymentPostprocessing = 0;
		};
/* End PBXCopyFilesBuildPhase section */

/* Begin PBXFileReference section */
		0100FCCC2C3D3764006FACAE /* TaskListItemView.swift */ = {isa = PBXFileReference; lastKnownFileType = sourcecode.swift; path = TaskListItemView.swift; sourceTree = "<group>"; };
		010F155D2BFF459000AD2F66 /* ContentViewSelection.swift */ = {isa = PBXFileReference; lastKnownFileType = sourcecode.swift; path = ContentViewSelection.swift; sourceTree = "<group>"; };
		0111A7332BFD597300DDED68 /* HomeView.swift */ = {isa = PBXFileReference; lastKnownFileType = sourcecode.swift; path = HomeView.swift; sourceTree = "<group>"; };
		0111A7352BFD640400DDED68 /* FileViewModel.swift */ = {isa = PBXFileReference; lastKnownFileType = sourcecode.swift; path = FileViewModel.swift; sourceTree = "<group>"; };
		0111A7372BFDF4A900DDED68 /* SidebarView.swift */ = {isa = PBXFileReference; lastKnownFileType = sourcecode.swift; path = SidebarView.swift; sourceTree = "<group>"; };
		011AAA4E2C4468C000ED7BE2 /* SettingsManager.swift */ = {isa = PBXFileReference; lastKnownFileType = sourcecode.swift; path = SettingsManager.swift; sourceTree = "<group>"; };
		011AAA502C44691900ED7BE2 /* EnvironmentSelector.swift */ = {isa = PBXFileReference; lastKnownFileType = sourcecode.swift; path = EnvironmentSelector.swift; sourceTree = "<group>"; };
		01201F582BF2BB6200DF973E /* Zettelgarden.app */ = {isa = PBXFileReference; explicitFileType = wrapper.application; includeInIndex = 0; path = Zettelgarden.app; sourceTree = BUILT_PRODUCTS_DIR; };
		01201F5B2BF2BB6200DF973E /* ZettelgardenApp.swift */ = {isa = PBXFileReference; lastKnownFileType = sourcecode.swift; path = ZettelgardenApp.swift; sourceTree = "<group>"; };
		01201F5D2BF2BB6200DF973E /* ContentView.swift */ = {isa = PBXFileReference; lastKnownFileType = sourcecode.swift; path = ContentView.swift; sourceTree = "<group>"; };
		01201F5F2BF2BB6300DF973E /* Assets.xcassets */ = {isa = PBXFileReference; lastKnownFileType = folder.assetcatalog; path = Assets.xcassets; sourceTree = "<group>"; };
		01201F622BF2BB6400DF973E /* Preview Assets.xcassets */ = {isa = PBXFileReference; lastKnownFileType = folder.assetcatalog; path = "Preview Assets.xcassets"; sourceTree = "<group>"; };
		01201F682BF2BB6400DF973E /* ZettelgardenTests.xctest */ = {isa = PBXFileReference; explicitFileType = wrapper.cfbundle; includeInIndex = 0; path = ZettelgardenTests.xctest; sourceTree = BUILT_PRODUCTS_DIR; };
		01201F6C2BF2BB6400DF973E /* ZettelgardenTests.swift */ = {isa = PBXFileReference; lastKnownFileType = sourcecode.swift; path = ZettelgardenTests.swift; sourceTree = "<group>"; };
		01201F722BF2BB6400DF973E /* ZettelgardenUITests.xctest */ = {isa = PBXFileReference; explicitFileType = wrapper.cfbundle; includeInIndex = 0; path = ZettelgardenUITests.xctest; sourceTree = BUILT_PRODUCTS_DIR; };
		01201F762BF2BB6400DF973E /* ZettelgardenUITests.swift */ = {isa = PBXFileReference; lastKnownFileType = sourcecode.swift; path = ZettelgardenUITests.swift; sourceTree = "<group>"; };
		01201F782BF2BB6400DF973E /* ZettelgardenUITestsLaunchTests.swift */ = {isa = PBXFileReference; lastKnownFileType = sourcecode.swift; path = ZettelgardenUITestsLaunchTests.swift; sourceTree = "<group>"; };
		01201F862BF2BBCE00DF973E /* Card.swift */ = {isa = PBXFileReference; lastKnownFileType = sourcecode.swift; path = Card.swift; sourceTree = "<group>"; };
		01201F8A2BF2BE4000DF973E /* CardDisplayView.swift */ = {isa = PBXFileReference; lastKnownFileType = sourcecode.swift; path = CardDisplayView.swift; sourceTree = "<group>"; };
		01201F8C2BF2C9AB00DF973E /* CardListView.swift */ = {isa = PBXFileReference; lastKnownFileType = sourcecode.swift; path = CardListView.swift; sourceTree = "<group>"; };
		01201F8E2BF2C9E000DF973E /* CardListItem.swift */ = {isa = PBXFileReference; lastKnownFileType = sourcecode.swift; path = CardListItem.swift; sourceTree = "<group>"; };
		013C75E62C6EA7A100838E7B /* TaskListContextMenu.swift */ = {isa = PBXFileReference; lastKnownFileType = sourcecode.swift; path = TaskListContextMenu.swift; sourceTree = "<group>"; };
		0144E9D62BF55DCA007D4EAD /* Utils.swift */ = {isa = PBXFileReference; lastKnownFileType = sourcecode.swift; path = Utils.swift; sourceTree = "<group>"; };
		016D00012C6CE0EF00339760 /* NavigationViewModel.swift */ = {isa = PBXFileReference; lastKnownFileType = sourcecode.swift; path = NavigationViewModel.swift; sourceTree = "<group>"; };
		016D00032C6CE1F600339760 /* Visit.swift */ = {isa = PBXFileReference; lastKnownFileType = sourcecode.swift; path = Visit.swift; sourceTree = "<group>"; };
		016DFFE52C68DA7A00339760 /* TaskListOptionsMenu.swift */ = {isa = PBXFileReference; lastKnownFileType = sourcecode.swift; path = TaskListOptionsMenu.swift; sourceTree = "<group>"; };
		016DFFFA2C698E3C00339760 /* ZettelgardenDebug.entitlements */ = {isa = PBXFileReference; lastKnownFileType = text.plist.entitlements; path = ZettelgardenDebug.entitlements; sourceTree = "<group>"; };
		016DFFFF2C6CD85000339760 /* TaskDateTextDisplay.swift */ = {isa = PBXFileReference; lastKnownFileType = sourcecode.swift; path = TaskDateTextDisplay.swift; sourceTree = "<group>"; };
		01759F182C3E092D00918E10 /* TaskListView.swift */ = {isa = PBXFileReference; lastKnownFileType = sourcecode.swift; path = TaskListView.swift; sourceTree = "<group>"; };
		01759F1B2C3E915800918E10 /* Dates.swift */ = {isa = PBXFileReference; lastKnownFileType = sourcecode.swift; path = Dates.swift; sourceTree = "<group>"; };
		01759F1D2C3E958100918E10 /* TaskViewModel.swift */ = {isa = PBXFileReference; lastKnownFileType = sourcecode.swift; path = TaskViewModel.swift; sourceTree = "<group>"; };
		01759F1F2C3E9B9D00918E10 /* GenericResponse.swift */ = {isa = PBXFileReference; lastKnownFileType = sourcecode.swift; path = GenericResponse.swift; sourceTree = "<group>"; };
		01759F212C3F38CF00918E10 /* AddTaskView.swift */ = {isa = PBXFileReference; lastKnownFileType = sourcecode.swift; path = AddTaskView.swift; sourceTree = "<group>"; };
		01759F232C3F666C00918E10 /* EditTaskView.swift */ = {isa = PBXFileReference; lastKnownFileType = sourcecode.swift; path = EditTaskView.swift; sourceTree = "<group>"; };
		01953E722C72040A00F44FAD /* FloatingButton.swift */ = {isa = PBXFileReference; lastKnownFileType = sourcecode.swift; path = FloatingButton.swift; sourceTree = "<group>"; };
		01953E782C7681B700F44FAD /* ZettelgardenShare.appex */ = {isa = PBXFileReference; explicitFileType = "wrapper.app-extension"; includeInIndex = 0; path = ZettelgardenShare.appex; sourceTree = BUILT_PRODUCTS_DIR; };
		01953E7A2C7681B700F44FAD /* ShareViewController.swift */ = {isa = PBXFileReference; lastKnownFileType = sourcecode.swift; path = ShareViewController.swift; sourceTree = "<group>"; };
		01953E7F2C7681B700F44FAD /* Info.plist */ = {isa = PBXFileReference; lastKnownFileType = text.plist.xml; path = Info.plist; sourceTree = "<group>"; };
		01953EAE2C76845500F44FAD /* ZettelgardenShared.framework */ = {isa = PBXFileReference; explicitFileType = wrapper.framework; includeInIndex = 0; path = ZettelgardenShared.framework; sourceTree = BUILT_PRODUCTS_DIR; };
		01953EB02C76845500F44FAD /* ZettelgardenShared.h */ = {isa = PBXFileReference; lastKnownFileType = sourcecode.c.h; path = ZettelgardenShared.h; sourceTree = "<group>"; };
		01953EB12C76845500F44FAD /* ZettelgardenShared.docc */ = {isa = PBXFileReference; lastKnownFileType = folder.documentationcatalog; path = ZettelgardenShared.docc; sourceTree = "<group>"; };
		01953EBE2C768B9100F44FAD /* ShareAddTaskView.swift */ = {isa = PBXFileReference; lastKnownFileType = sourcecode.swift; path = ShareAddTaskView.swift; sourceTree = "<group>"; };
		01953ED22C769EBD00F44FAD /* Http.swift */ = {isa = PBXFileReference; lastKnownFileType = sourcecode.swift; path = Http.swift; sourceTree = "<group>"; };
		01953ED52C769FD500F44FAD /* Tasks.swift */ = {isa = PBXFileReference; lastKnownFileType = sourcecode.swift; path = Tasks.swift; sourceTree = "<group>"; };
		01953ED82C769FE900F44FAD /* ZTask.swift */ = {isa = PBXFileReference; lastKnownFileType = sourcecode.swift; path = ZTask.swift; sourceTree = "<group>"; };
		01953EDA2C76A10700F44FAD /* PartialCard.swift */ = {isa = PBXFileReference; lastKnownFileType = sourcecode.swift; path = PartialCard.swift; sourceTree = "<group>"; };
		01953EDC2C76A35900F44FAD /* TaskListViewModel.swift */ = {isa = PBXFileReference; lastKnownFileType = sourcecode.swift; path = TaskListViewModel.swift; sourceTree = "<group>"; };
		01953EDE2C76A4D700F44FAD /* GenericResponse.swift */ = {isa = PBXFileReference; lastKnownFileType = sourcecode.swift; path = GenericResponse.swift; sourceTree = "<group>"; };
		01B888062BF6C72E00B3ACF1 /* SearchView.swift */ = {isa = PBXFileReference; lastKnownFileType = sourcecode.swift; path = SearchView.swift; sourceTree = "<group>"; };
		01B888092BF6CA9900B3ACF1 /* SearchViewModel.swift */ = {isa = PBXFileReference; lastKnownFileType = sourcecode.swift; path = SearchViewModel.swift; sourceTree = "<group>"; };
		01B8880B2BF762D800B3ACF1 /* CardViewModel.swift */ = {isa = PBXFileReference; lastKnownFileType = sourcecode.swift; path = CardViewModel.swift; sourceTree = "<group>"; };
		01B888112BF843BE00B3ACF1 /* FilterFieldView.swift */ = {isa = PBXFileReference; lastKnownFileType = sourcecode.swift; path = FilterFieldView.swift; sourceTree = "<group>"; };
		01B888172BFA1CA200B3ACF1 /* QuickAddMenu.swift */ = {isa = PBXFileReference; lastKnownFileType = sourcecode.swift; path = QuickAddMenu.swift; sourceTree = "<group>"; };
		01B888192BFB5F7D00B3ACF1 /* File.swift */ = {isa = PBXFileReference; lastKnownFileType = sourcecode.swift; path = File.swift; sourceTree = "<group>"; };
		01B8881B2BFB60FD00B3ACF1 /* FileCardListitem.swift */ = {isa = PBXFileReference; lastKnownFileType = sourcecode.swift; path = FileCardListitem.swift; sourceTree = "<group>"; };
		01B8881D2BFB67ED00B3ACF1 /* FileDetailView.swift */ = {isa = PBXFileReference; lastKnownFileType = sourcecode.swift; path = FileDetailView.swift; sourceTree = "<group>"; };
		01B8881F2BFB689000B3ACF1 /* IdentifiableURL.swift */ = {isa = PBXFileReference; lastKnownFileType = sourcecode.swift; path = IdentifiableURL.swift; sourceTree = "<group>"; };
		01B888212BFB8FE400B3ACF1 /* FileListView.swift */ = {isa = PBXFileReference; lastKnownFileType = sourcecode.swift; path = FileListView.swift; sourceTree = "<group>"; };
		01B888232BFB907F00B3ACF1 /* FileListViewModel.swift */ = {isa = PBXFileReference; lastKnownFileType = sourcecode.swift; path = FileListViewModel.swift; sourceTree = "<group>"; };
		01B888272BFC02BA00B3ACF1 /* PartialCardViewModel.swift */ = {isa = PBXFileReference; lastKnownFileType = sourcecode.swift; path = PartialCardViewModel.swift; sourceTree = "<group>"; };
		01ECE50C2BF3747B00691C07 /* CardEditView.swift */ = {isa = PBXFileReference; lastKnownFileType = sourcecode.swift; path = CardEditView.swift; sourceTree = "<group>"; };
		01ECE50E2BF422D900691C07 /* Api.swift */ = {isa = PBXFileReference; lastKnownFileType = sourcecode.swift; path = Api.swift; sourceTree = "<group>"; };
		01ECE5102BF43B4D00691C07 /* LoginView.swift */ = {isa = PBXFileReference; lastKnownFileType = sourcecode.swift; path = LoginView.swift; sourceTree = "<group>"; };
		01ECE5122BF4C75A00691C07 /* SettingsView.swift */ = {isa = PBXFileReference; lastKnownFileType = sourcecode.swift; path = SettingsView.swift; sourceTree = "<group>"; };
		01FC266D2C76BD9900039EDA /* ZettelgardenShareDebug.entitlements */ = {isa = PBXFileReference; lastKnownFileType = text.plist.entitlements; path = ZettelgardenShareDebug.entitlements; sourceTree = "<group>"; };
/* End PBXFileReference section */

/* Begin PBXFrameworksBuildPhase section */
		01201F552BF2BB6200DF973E /* Frameworks */ = {
			isa = PBXFrameworksBuildPhase;
			buildActionMask = 2147483647;
			files = (
				01953EB62C76845500F44FAD /* ZettelgardenShared.framework in Frameworks */,
			);
			runOnlyForDeploymentPostprocessing = 0;
		};
		01201F652BF2BB6400DF973E /* Frameworks */ = {
			isa = PBXFrameworksBuildPhase;
			buildActionMask = 2147483647;
			files = (
			);
			runOnlyForDeploymentPostprocessing = 0;
		};
		01201F6F2BF2BB6400DF973E /* Frameworks */ = {
			isa = PBXFrameworksBuildPhase;
			buildActionMask = 2147483647;
			files = (
			);
			runOnlyForDeploymentPostprocessing = 0;
		};
		01953E752C7681B700F44FAD /* Frameworks */ = {
			isa = PBXFrameworksBuildPhase;
			buildActionMask = 2147483647;
			files = (
			);
			runOnlyForDeploymentPostprocessing = 0;
		};
		01953EAB2C76845500F44FAD /* Frameworks */ = {
			isa = PBXFrameworksBuildPhase;
			buildActionMask = 2147483647;
			files = (
			);
			runOnlyForDeploymentPostprocessing = 0;
		};
/* End PBXFrameworksBuildPhase section */

/* Begin PBXGroup section */
		0100FCCA2C3D373E006FACAE /* Tasks */ = {
			isa = PBXGroup;
			children = (
				0100FCCB2C3D374D006FACAE /* Components */,
				01759F182C3E092D00918E10 /* TaskListView.swift */,
				01759F212C3F38CF00918E10 /* AddTaskView.swift */,
				01759F232C3F666C00918E10 /* EditTaskView.swift */,
			);
			path = Tasks;
			sourceTree = "<group>";
		};
		0100FCCB2C3D374D006FACAE /* Components */ = {
			isa = PBXGroup;
			children = (
				0100FCCC2C3D3764006FACAE /* TaskListItemView.swift */,
				016DFFE52C68DA7A00339760 /* TaskListOptionsMenu.swift */,
				016DFFFF2C6CD85000339760 /* TaskDateTextDisplay.swift */,
				013C75E62C6EA7A100838E7B /* TaskListContextMenu.swift */,
			);
			path = Components;
			sourceTree = "<group>";
		};
		01201F4F2BF2BB6200DF973E = {
			isa = PBXGroup;
			children = (
				01201F5A2BF2BB6200DF973E /* Zettelgarden */,
				01201F6B2BF2BB6400DF973E /* ZettelgardenTests */,
				01201F752BF2BB6400DF973E /* ZettelgardenUITests */,
				01953E792C7681B700F44FAD /* ZettelgardenShare */,
				01953EAF2C76845500F44FAD /* ZettelgardenShared */,
				01201F592BF2BB6200DF973E /* Products */,
			);
			sourceTree = "<group>";
		};
		01201F592BF2BB6200DF973E /* Products */ = {
			isa = PBXGroup;
			children = (
				01201F582BF2BB6200DF973E /* Zettelgarden.app */,
				01201F682BF2BB6400DF973E /* ZettelgardenTests.xctest */,
				01201F722BF2BB6400DF973E /* ZettelgardenUITests.xctest */,
				01953E782C7681B700F44FAD /* ZettelgardenShare.appex */,
				01953EAE2C76845500F44FAD /* ZettelgardenShared.framework */,
			);
			name = Products;
			sourceTree = "<group>";
		};
		01201F5A2BF2BB6200DF973E /* Zettelgarden */ = {
			isa = PBXGroup;
			children = (
				01201F852BF2BBC200DF973E /* Models */,
				016DFFFA2C698E3C00339760 /* ZettelgardenDebug.entitlements */,
				01B8880F2BF814DC00B3ACF1 /* Views */,
				01201F5B2BF2BB6200DF973E /* ZettelgardenApp.swift */,
				01201F5D2BF2BB6200DF973E /* ContentView.swift */,
				01201F5F2BF2BB6300DF973E /* Assets.xcassets */,
				01201F612BF2BB6400DF973E /* Preview Content */,
				01ECE50E2BF422D900691C07 /* Api.swift */,
				01B888082BF6CA8700B3ACF1 /* ViewModels */,
				0144E9D62BF55DCA007D4EAD /* Utils.swift */,
				011AAA4E2C4468C000ED7BE2 /* SettingsManager.swift */,
			);
			path = Zettelgarden;
			sourceTree = "<group>";
		};
		01201F612BF2BB6400DF973E /* Preview Content */ = {
			isa = PBXGroup;
			children = (
				01201F622BF2BB6400DF973E /* Preview Assets.xcassets */,
			);
			path = "Preview Content";
			sourceTree = "<group>";
		};
		01201F6B2BF2BB6400DF973E /* ZettelgardenTests */ = {
			isa = PBXGroup;
			children = (
				01201F6C2BF2BB6400DF973E /* ZettelgardenTests.swift */,
			);
			path = ZettelgardenTests;
			sourceTree = "<group>";
		};
		01201F752BF2BB6400DF973E /* ZettelgardenUITests */ = {
			isa = PBXGroup;
			children = (
				01201F762BF2BB6400DF973E /* ZettelgardenUITests.swift */,
				01201F782BF2BB6400DF973E /* ZettelgardenUITestsLaunchTests.swift */,
			);
			path = ZettelgardenUITests;
			sourceTree = "<group>";
		};
		01201F852BF2BBC200DF973E /* Models */ = {
			isa = PBXGroup;
			children = (
				01201F862BF2BBCE00DF973E /* Card.swift */,
				01B888192BFB5F7D00B3ACF1 /* File.swift */,
				01B8881F2BFB689000B3ACF1 /* IdentifiableURL.swift */,
				010F155D2BFF459000AD2F66 /* ContentViewSelection.swift */,
				01759F1F2C3E9B9D00918E10 /* GenericResponse.swift */,
				016D00032C6CE1F600339760 /* Visit.swift */,
			);
			path = Models;
			sourceTree = "<group>";
		};
		01953E792C7681B700F44FAD /* ZettelgardenShare */ = {
			isa = PBXGroup;
			children = (
				01FC266D2C76BD9900039EDA /* ZettelgardenShareDebug.entitlements */,
				01953E7A2C7681B700F44FAD /* ShareViewController.swift */,
				01953E7F2C7681B700F44FAD /* Info.plist */,
				01953EBE2C768B9100F44FAD /* ShareAddTaskView.swift */,
			);
			path = ZettelgardenShare;
			sourceTree = "<group>";
		};
		01953EAF2C76845500F44FAD /* ZettelgardenShared */ = {
			isa = PBXGroup;
			children = (
				01953ED72C769FDD00F44FAD /* ViewModels */,
				01953ED42C769FCB00F44FAD /* Api */,
				01953ECC2C7696CE00F44FAD /* Utils */,
				01953ECB2C7696AE00F44FAD /* Models */,
				01953EB02C76845500F44FAD /* ZettelgardenShared.h */,
				01953EB12C76845500F44FAD /* ZettelgardenShared.docc */,
			);
			path = ZettelgardenShared;
			sourceTree = "<group>";
		};
		01953ECB2C7696AE00F44FAD /* Models */ = {
			isa = PBXGroup;
			children = (
				01953ED82C769FE900F44FAD /* ZTask.swift */,
				01953EDA2C76A10700F44FAD /* PartialCard.swift */,
				01953EDE2C76A4D700F44FAD /* GenericResponse.swift */,
			);
			path = Models;
			sourceTree = "<group>";
		};
		01953ECC2C7696CE00F44FAD /* Utils */ = {
			isa = PBXGroup;
			children = (
				01759F1B2C3E915800918E10 /* Dates.swift */,
				01953ED22C769EBD00F44FAD /* Http.swift */,
			);
			path = Utils;
			sourceTree = "<group>";
		};
		01953ED42C769FCB00F44FAD /* Api */ = {
			isa = PBXGroup;
			children = (
				01953ED52C769FD500F44FAD /* Tasks.swift */,
			);
			path = Api;
			sourceTree = "<group>";
		};
		01953ED72C769FDD00F44FAD /* ViewModels */ = {
			isa = PBXGroup;
			children = (
				01953EDC2C76A35900F44FAD /* TaskListViewModel.swift */,
			);
			path = ViewModels;
			sourceTree = "<group>";
		};
		01B888082BF6CA8700B3ACF1 /* ViewModels */ = {
			isa = PBXGroup;
			children = (
				01B888092BF6CA9900B3ACF1 /* SearchViewModel.swift */,
				01B8880B2BF762D800B3ACF1 /* CardViewModel.swift */,
				01B888232BFB907F00B3ACF1 /* FileListViewModel.swift */,
				01B888272BFC02BA00B3ACF1 /* PartialCardViewModel.swift */,
				0111A7352BFD640400DDED68 /* FileViewModel.swift */,
				01759F1D2C3E958100918E10 /* TaskViewModel.swift */,
				016D00012C6CE0EF00339760 /* NavigationViewModel.swift */,
			);
			path = ViewModels;
			sourceTree = "<group>";
		};
		01B8880F2BF814DC00B3ACF1 /* Views */ = {
			isa = PBXGroup;
			children = (
				0100FCCA2C3D373E006FACAE /* Tasks */,
				01B888102BF8159300B3ACF1 /* Components */,
				01201F8A2BF2BE4000DF973E /* CardDisplayView.swift */,
				01ECE50C2BF3747B00691C07 /* CardEditView.swift */,
				01ECE5102BF43B4D00691C07 /* LoginView.swift */,
				01ECE5122BF4C75A00691C07 /* SettingsView.swift */,
				01B888062BF6C72E00B3ACF1 /* SearchView.swift */,
				01201F8C2BF2C9AB00DF973E /* CardListView.swift */,
				01B8881D2BFB67ED00B3ACF1 /* FileDetailView.swift */,
				01B888212BFB8FE400B3ACF1 /* FileListView.swift */,
				0111A7332BFD597300DDED68 /* HomeView.swift */,
				0111A7372BFDF4A900DDED68 /* SidebarView.swift */,
				011AAA502C44691900ED7BE2 /* EnvironmentSelector.swift */,
			);
			path = Views;
			sourceTree = "<group>";
		};
		01B888102BF8159300B3ACF1 /* Components */ = {
			isa = PBXGroup;
			children = (
				01201F8E2BF2C9E000DF973E /* CardListItem.swift */,
				01B888112BF843BE00B3ACF1 /* FilterFieldView.swift */,
				01B888172BFA1CA200B3ACF1 /* QuickAddMenu.swift */,
				01B8881B2BFB60FD00B3ACF1 /* FileCardListitem.swift */,
				01953E722C72040A00F44FAD /* FloatingButton.swift */,
			);
			path = Components;
			sourceTree = "<group>";
		};
/* End PBXGroup section */

/* Begin PBXHeadersBuildPhase section */
		01953EA92C76845500F44FAD /* Headers */ = {
			isa = PBXHeadersBuildPhase;
			buildActionMask = 2147483647;
			files = (
				01953EB32C76845500F44FAD /* ZettelgardenShared.h in Headers */,
			);
			runOnlyForDeploymentPostprocessing = 0;
		};
/* End PBXHeadersBuildPhase section */

/* Begin PBXNativeTarget section */
		01201F572BF2BB6200DF973E /* Zettelgarden */ = {
			isa = PBXNativeTarget;
			buildConfigurationList = 01201F7C2BF2BB6400DF973E /* Build configuration list for PBXNativeTarget "Zettelgarden" */;
			buildPhases = (
				01201F542BF2BB6200DF973E /* Sources */,
				01201F552BF2BB6200DF973E /* Frameworks */,
				01201F562BF2BB6200DF973E /* Resources */,
				016DFFF92C698CFE00339760 /* Embed Foundation Extensions */,
				01953EB82C76845500F44FAD /* Embed Frameworks */,
			);
			buildRules = (
			);
			dependencies = (
				01953E812C7681B700F44FAD /* PBXTargetDependency */,
				01953EB52C76845500F44FAD /* PBXTargetDependency */,
			);
			name = Zettelgarden;
			productName = Zettelgarden;
			productReference = 01201F582BF2BB6200DF973E /* Zettelgarden.app */;
			productType = "com.apple.product-type.application";
		};
		01201F672BF2BB6400DF973E /* ZettelgardenTests */ = {
			isa = PBXNativeTarget;
			buildConfigurationList = 01201F7F2BF2BB6400DF973E /* Build configuration list for PBXNativeTarget "ZettelgardenTests" */;
			buildPhases = (
				01201F642BF2BB6400DF973E /* Sources */,
				01201F652BF2BB6400DF973E /* Frameworks */,
				01201F662BF2BB6400DF973E /* Resources */,
			);
			buildRules = (
			);
			dependencies = (
				01201F6A2BF2BB6400DF973E /* PBXTargetDependency */,
			);
			name = ZettelgardenTests;
			productName = ZettelgardenTests;
			productReference = 01201F682BF2BB6400DF973E /* ZettelgardenTests.xctest */;
			productType = "com.apple.product-type.bundle.unit-test";
		};
		01201F712BF2BB6400DF973E /* ZettelgardenUITests */ = {
			isa = PBXNativeTarget;
			buildConfigurationList = 01201F822BF2BB6400DF973E /* Build configuration list for PBXNativeTarget "ZettelgardenUITests" */;
			buildPhases = (
				01201F6E2BF2BB6400DF973E /* Sources */,
				01201F6F2BF2BB6400DF973E /* Frameworks */,
				01201F702BF2BB6400DF973E /* Resources */,
			);
			buildRules = (
			);
			dependencies = (
				01201F742BF2BB6400DF973E /* PBXTargetDependency */,
			);
			name = ZettelgardenUITests;
			productName = ZettelgardenUITests;
			productReference = 01201F722BF2BB6400DF973E /* ZettelgardenUITests.xctest */;
			productType = "com.apple.product-type.bundle.ui-testing";
		};
		01953E772C7681B700F44FAD /* ZettelgardenShare */ = {
			isa = PBXNativeTarget;
			buildConfigurationList = 01953E832C7681B700F44FAD /* Build configuration list for PBXNativeTarget "ZettelgardenShare" */;
			buildPhases = (
				01953E742C7681B700F44FAD /* Sources */,
				01953E752C7681B700F44FAD /* Frameworks */,
				01953E762C7681B700F44FAD /* Resources */,
			);
			buildRules = (
			);
			dependencies = (
			);
			name = ZettelgardenShare;
			productName = ZettelgardenShare;
			productReference = 01953E782C7681B700F44FAD /* ZettelgardenShare.appex */;
			productType = "com.apple.product-type.app-extension";
		};
		01953EAD2C76845500F44FAD /* ZettelgardenShared */ = {
			isa = PBXNativeTarget;
			buildConfigurationList = 01953EBB2C76845500F44FAD /* Build configuration list for PBXNativeTarget "ZettelgardenShared" */;
			buildPhases = (
				01953EA92C76845500F44FAD /* Headers */,
				01953EAA2C76845500F44FAD /* Sources */,
				01953EAB2C76845500F44FAD /* Frameworks */,
				01953EAC2C76845500F44FAD /* Resources */,
			);
			buildRules = (
			);
			dependencies = (
			);
			name = ZettelgardenShared;
			productName = ZettelgardenShared;
			productReference = 01953EAE2C76845500F44FAD /* ZettelgardenShared.framework */;
			productType = "com.apple.product-type.framework";
		};
/* End PBXNativeTarget section */

/* Begin PBXProject section */
		01201F502BF2BB6200DF973E /* Project object */ = {
			isa = PBXProject;
			attributes = {
				BuildIndependentTargetsInParallel = 1;
				LastSwiftUpdateCheck = 1540;
				LastUpgradeCheck = 1530;
				TargetAttributes = {
					01201F572BF2BB6200DF973E = {
						CreatedOnToolsVersion = 15.3;
					};
					01201F672BF2BB6400DF973E = {
						CreatedOnToolsVersion = 15.3;
						TestTargetID = 01201F572BF2BB6200DF973E;
					};
					01201F712BF2BB6400DF973E = {
						CreatedOnToolsVersion = 15.3;
						TestTargetID = 01201F572BF2BB6200DF973E;
					};
					01953E772C7681B700F44FAD = {
						CreatedOnToolsVersion = 15.4;
					};
					01953EAD2C76845500F44FAD = {
						CreatedOnToolsVersion = 15.4;
					};
				};
			};
			buildConfigurationList = 01201F532BF2BB6200DF973E /* Build configuration list for PBXProject "Zettelgarden" */;
			compatibilityVersion = "Xcode 14.0";
			developmentRegion = en;
			hasScannedForEncodings = 0;
			knownRegions = (
				en,
				Base,
			);
			mainGroup = 01201F4F2BF2BB6200DF973E;
			productRefGroup = 01201F592BF2BB6200DF973E /* Products */;
			projectDirPath = "";
			projectRoot = "";
			targets = (
				01201F572BF2BB6200DF973E /* Zettelgarden */,
				01201F672BF2BB6400DF973E /* ZettelgardenTests */,
				01201F712BF2BB6400DF973E /* ZettelgardenUITests */,
				01953E772C7681B700F44FAD /* ZettelgardenShare */,
				01953EAD2C76845500F44FAD /* ZettelgardenShared */,
			);
		};
/* End PBXProject section */

/* Begin PBXResourcesBuildPhase section */
		01201F562BF2BB6200DF973E /* Resources */ = {
			isa = PBXResourcesBuildPhase;
			buildActionMask = 2147483647;
			files = (
				01201F632BF2BB6400DF973E /* Preview Assets.xcassets in Resources */,
				01201F602BF2BB6300DF973E /* Assets.xcassets in Resources */,
			);
			runOnlyForDeploymentPostprocessing = 0;
		};
		01201F662BF2BB6400DF973E /* Resources */ = {
			isa = PBXResourcesBuildPhase;
			buildActionMask = 2147483647;
			files = (
			);
			runOnlyForDeploymentPostprocessing = 0;
		};
		01201F702BF2BB6400DF973E /* Resources */ = {
			isa = PBXResourcesBuildPhase;
			buildActionMask = 2147483647;
			files = (
			);
			runOnlyForDeploymentPostprocessing = 0;
		};
		01953E762C7681B700F44FAD /* Resources */ = {
			isa = PBXResourcesBuildPhase;
			buildActionMask = 2147483647;
			files = (
			);
			runOnlyForDeploymentPostprocessing = 0;
		};
		01953EAC2C76845500F44FAD /* Resources */ = {
			isa = PBXResourcesBuildPhase;
			buildActionMask = 2147483647;
			files = (
			);
			runOnlyForDeploymentPostprocessing = 0;
		};
/* End PBXResourcesBuildPhase section */

/* Begin PBXSourcesBuildPhase section */
		01201F542BF2BB6200DF973E /* Sources */ = {
			isa = PBXSourcesBuildPhase;
			buildActionMask = 2147483647;
			files = (
				01ECE50F2BF422D900691C07 /* Api.swift in Sources */,
				01ECE50D2BF3747B00691C07 /* CardEditView.swift in Sources */,
				01953E732C72040A00F44FAD /* FloatingButton.swift in Sources */,
				01201F5E2BF2BB6200DF973E /* ContentView.swift in Sources */,
				01759F222C3F38CF00918E10 /* AddTaskView.swift in Sources */,
				01201F8D2BF2C9AB00DF973E /* CardListView.swift in Sources */,
				01B888222BFB8FE400B3ACF1 /* FileListView.swift in Sources */,
				01201F872BF2BBCE00DF973E /* Card.swift in Sources */,
				0100FCCD2C3D3764006FACAE /* TaskListItemView.swift in Sources */,
				011AAA4F2C4468C000ED7BE2 /* SettingsManager.swift in Sources */,
				01B888122BF843BE00B3ACF1 /* FilterFieldView.swift in Sources */,
				01201F5C2BF2BB6200DF973E /* ZettelgardenApp.swift in Sources */,
				01B8881A2BFB5F7D00B3ACF1 /* File.swift in Sources */,
				01B8881E2BFB67ED00B3ACF1 /* FileDetailView.swift in Sources */,
				01201F8F2BF2C9E000DF973E /* CardListItem.swift in Sources */,
				01B8880A2BF6CA9900B3ACF1 /* SearchViewModel.swift in Sources */,
				0111A7362BFD640400DDED68 /* FileViewModel.swift in Sources */,
				0111A7382BFDF4A900DDED68 /* SidebarView.swift in Sources */,
				01B888182BFA1CA200B3ACF1 /* QuickAddMenu.swift in Sources */,
				01759F242C3F666C00918E10 /* EditTaskView.swift in Sources */,
				016D00042C6CE1F600339760 /* Visit.swift in Sources */,
				01B888282BFC02BA00B3ACF1 /* PartialCardViewModel.swift in Sources */,
				0111A7342BFD597300DDED68 /* HomeView.swift in Sources */,
				01759F202C3E9B9D00918E10 /* GenericResponse.swift in Sources */,
				016D00022C6CE0EF00339760 /* NavigationViewModel.swift in Sources */,
				01B888072BF6C72E00B3ACF1 /* SearchView.swift in Sources */,
				01ECE5112BF43B4D00691C07 /* LoginView.swift in Sources */,
				01B888242BFB907F00B3ACF1 /* FileListViewModel.swift in Sources */,
				01759F192C3E092D00918E10 /* TaskListView.swift in Sources */,
				016DFFE62C68DA7A00339760 /* TaskListOptionsMenu.swift in Sources */,
				011AAA512C44691900ED7BE2 /* EnvironmentSelector.swift in Sources */,
				013C75E72C6EA7A100838E7B /* TaskListContextMenu.swift in Sources */,
				01201F8B2BF2BE4000DF973E /* CardDisplayView.swift in Sources */,
				01ECE5132BF4C75A00691C07 /* SettingsView.swift in Sources */,
				01B888202BFB689000B3ACF1 /* IdentifiableURL.swift in Sources */,
				01B8881C2BFB60FD00B3ACF1 /* FileCardListitem.swift in Sources */,
				010F155E2BFF459000AD2F66 /* ContentViewSelection.swift in Sources */,
				0144E9D72BF55DCA007D4EAD /* Utils.swift in Sources */,
				016D00002C6CD85000339760 /* TaskDateTextDisplay.swift in Sources */,
				01B8880C2BF762D800B3ACF1 /* CardViewModel.swift in Sources */,
				01759F1E2C3E958100918E10 /* TaskViewModel.swift in Sources */,
			);
			runOnlyForDeploymentPostprocessing = 0;
		};
		01201F642BF2BB6400DF973E /* Sources */ = {
			isa = PBXSourcesBuildPhase;
			buildActionMask = 2147483647;
			files = (
				01201F6D2BF2BB6400DF973E /* ZettelgardenTests.swift in Sources */,
			);
			runOnlyForDeploymentPostprocessing = 0;
		};
		01201F6E2BF2BB6400DF973E /* Sources */ = {
			isa = PBXSourcesBuildPhase;
			buildActionMask = 2147483647;
			files = (
				01201F772BF2BB6400DF973E /* ZettelgardenUITests.swift in Sources */,
				01201F792BF2BB6400DF973E /* ZettelgardenUITestsLaunchTests.swift in Sources */,
			);
			runOnlyForDeploymentPostprocessing = 0;
		};
		01953E742C7681B700F44FAD /* Sources */ = {
			isa = PBXSourcesBuildPhase;
			buildActionMask = 2147483647;
			files = (
				01953E7B2C7681B700F44FAD /* ShareViewController.swift in Sources */,
				01953EBF2C768B9100F44FAD /* ShareAddTaskView.swift in Sources */,
			);
			runOnlyForDeploymentPostprocessing = 0;
		};
		01953EAA2C76845500F44FAD /* Sources */ = {
			isa = PBXSourcesBuildPhase;
			buildActionMask = 2147483647;
			files = (
				01953EDD2C76A35900F44FAD /* TaskListViewModel.swift in Sources */,
				01953ED62C769FD500F44FAD /* Tasks.swift in Sources */,
				01953ED12C76970300F44FAD /* Dates.swift in Sources */,
				01953ED92C769FE900F44FAD /* ZTask.swift in Sources */,
				01953EDF2C76A4D700F44FAD /* GenericResponse.swift in Sources */,
				01953EDB2C76A10700F44FAD /* PartialCard.swift in Sources */,
				01953EB22C76845500F44FAD /* ZettelgardenShared.docc in Sources */,
				01953ED32C769EBD00F44FAD /* Http.swift in Sources */,
			);
			runOnlyForDeploymentPostprocessing = 0;
		};
/* End PBXSourcesBuildPhase section */

/* Begin PBXTargetDependency section */
		01201F6A2BF2BB6400DF973E /* PBXTargetDependency */ = {
			isa = PBXTargetDependency;
			target = 01201F572BF2BB6200DF973E /* Zettelgarden */;
			targetProxy = 01201F692BF2BB6400DF973E /* PBXContainerItemProxy */;
		};
		01201F742BF2BB6400DF973E /* PBXTargetDependency */ = {
			isa = PBXTargetDependency;
			target = 01201F572BF2BB6200DF973E /* Zettelgarden */;
			targetProxy = 01201F732BF2BB6400DF973E /* PBXContainerItemProxy */;
		};
		01953E812C7681B700F44FAD /* PBXTargetDependency */ = {
			isa = PBXTargetDependency;
			target = 01953E772C7681B700F44FAD /* ZettelgardenShare */;
			targetProxy = 01953E802C7681B700F44FAD /* PBXContainerItemProxy */;
		};
		01953EB52C76845500F44FAD /* PBXTargetDependency */ = {
			isa = PBXTargetDependency;
			target = 01953EAD2C76845500F44FAD /* ZettelgardenShared */;
			targetProxy = 01953EB42C76845500F44FAD /* PBXContainerItemProxy */;
		};
/* End PBXTargetDependency section */

/* Begin XCBuildConfiguration section */
		01201F7A2BF2BB6400DF973E /* Debug */ = {
			isa = XCBuildConfiguration;
			buildSettings = {
				ALWAYS_SEARCH_USER_PATHS = NO;
				ASSETCATALOG_COMPILER_GENERATE_SWIFT_ASSET_SYMBOL_EXTENSIONS = YES;
				CLANG_ANALYZER_NONNULL = YES;
				CLANG_ANALYZER_NUMBER_OBJECT_CONVERSION = YES_AGGRESSIVE;
				CLANG_CXX_LANGUAGE_STANDARD = "gnu++20";
				CLANG_ENABLE_MODULES = YES;
				CLANG_ENABLE_OBJC_ARC = YES;
				CLANG_ENABLE_OBJC_WEAK = YES;
				CLANG_WARN_BLOCK_CAPTURE_AUTORELEASING = YES;
				CLANG_WARN_BOOL_CONVERSION = YES;
				CLANG_WARN_COMMA = YES;
				CLANG_WARN_CONSTANT_CONVERSION = YES;
				CLANG_WARN_DEPRECATED_OBJC_IMPLEMENTATIONS = YES;
				CLANG_WARN_DIRECT_OBJC_ISA_USAGE = YES_ERROR;
				CLANG_WARN_DOCUMENTATION_COMMENTS = YES;
				CLANG_WARN_EMPTY_BODY = YES;
				CLANG_WARN_ENUM_CONVERSION = YES;
				CLANG_WARN_INFINITE_RECURSION = YES;
				CLANG_WARN_INT_CONVERSION = YES;
				CLANG_WARN_NON_LITERAL_NULL_CONVERSION = YES;
				CLANG_WARN_OBJC_IMPLICIT_RETAIN_SELF = YES;
				CLANG_WARN_OBJC_LITERAL_CONVERSION = YES;
				CLANG_WARN_OBJC_ROOT_CLASS = YES_ERROR;
				CLANG_WARN_QUOTED_INCLUDE_IN_FRAMEWORK_HEADER = YES;
				CLANG_WARN_RANGE_LOOP_ANALYSIS = YES;
				CLANG_WARN_STRICT_PROTOTYPES = YES;
				CLANG_WARN_SUSPICIOUS_MOVE = YES;
				CLANG_WARN_UNGUARDED_AVAILABILITY = YES_AGGRESSIVE;
				CLANG_WARN_UNREACHABLE_CODE = YES;
				CLANG_WARN__DUPLICATE_METHOD_MATCH = YES;
				COPY_PHASE_STRIP = NO;
				DEBUG_INFORMATION_FORMAT = dwarf;
				ENABLE_STRICT_OBJC_MSGSEND = YES;
				ENABLE_TESTABILITY = YES;
				ENABLE_USER_SCRIPT_SANDBOXING = YES;
				GCC_C_LANGUAGE_STANDARD = gnu17;
				GCC_DYNAMIC_NO_PIC = NO;
				GCC_NO_COMMON_BLOCKS = YES;
				GCC_OPTIMIZATION_LEVEL = 0;
				GCC_PREPROCESSOR_DEFINITIONS = (
					"DEBUG=1",
					"$(inherited)",
				);
				GCC_WARN_64_TO_32_BIT_CONVERSION = YES;
				GCC_WARN_ABOUT_RETURN_TYPE = YES_ERROR;
				GCC_WARN_UNDECLARED_SELECTOR = YES;
				GCC_WARN_UNINITIALIZED_AUTOS = YES_AGGRESSIVE;
				GCC_WARN_UNUSED_FUNCTION = YES;
				GCC_WARN_UNUSED_VARIABLE = YES;
				IPHONEOS_DEPLOYMENT_TARGET = 17.4;
				LOCALIZATION_PREFERS_STRING_CATALOGS = YES;
				MTL_ENABLE_DEBUG_INFO = INCLUDE_SOURCE;
				MTL_FAST_MATH = YES;
				ONLY_ACTIVE_ARCH = YES;
				SDKROOT = iphoneos;
				SWIFT_ACTIVE_COMPILATION_CONDITIONS = "DEBUG $(inherited)";
				SWIFT_OPTIMIZATION_LEVEL = "-Onone";
			};
			name = Debug;
		};
		01201F7B2BF2BB6400DF973E /* Release */ = {
			isa = XCBuildConfiguration;
			buildSettings = {
				ALWAYS_SEARCH_USER_PATHS = NO;
				ASSETCATALOG_COMPILER_GENERATE_SWIFT_ASSET_SYMBOL_EXTENSIONS = YES;
				CLANG_ANALYZER_NONNULL = YES;
				CLANG_ANALYZER_NUMBER_OBJECT_CONVERSION = YES_AGGRESSIVE;
				CLANG_CXX_LANGUAGE_STANDARD = "gnu++20";
				CLANG_ENABLE_MODULES = YES;
				CLANG_ENABLE_OBJC_ARC = YES;
				CLANG_ENABLE_OBJC_WEAK = YES;
				CLANG_WARN_BLOCK_CAPTURE_AUTORELEASING = YES;
				CLANG_WARN_BOOL_CONVERSION = YES;
				CLANG_WARN_COMMA = YES;
				CLANG_WARN_CONSTANT_CONVERSION = YES;
				CLANG_WARN_DEPRECATED_OBJC_IMPLEMENTATIONS = YES;
				CLANG_WARN_DIRECT_OBJC_ISA_USAGE = YES_ERROR;
				CLANG_WARN_DOCUMENTATION_COMMENTS = YES;
				CLANG_WARN_EMPTY_BODY = YES;
				CLANG_WARN_ENUM_CONVERSION = YES;
				CLANG_WARN_INFINITE_RECURSION = YES;
				CLANG_WARN_INT_CONVERSION = YES;
				CLANG_WARN_NON_LITERAL_NULL_CONVERSION = YES;
				CLANG_WARN_OBJC_IMPLICIT_RETAIN_SELF = YES;
				CLANG_WARN_OBJC_LITERAL_CONVERSION = YES;
				CLANG_WARN_OBJC_ROOT_CLASS = YES_ERROR;
				CLANG_WARN_QUOTED_INCLUDE_IN_FRAMEWORK_HEADER = YES;
				CLANG_WARN_RANGE_LOOP_ANALYSIS = YES;
				CLANG_WARN_STRICT_PROTOTYPES = YES;
				CLANG_WARN_SUSPICIOUS_MOVE = YES;
				CLANG_WARN_UNGUARDED_AVAILABILITY = YES_AGGRESSIVE;
				CLANG_WARN_UNREACHABLE_CODE = YES;
				CLANG_WARN__DUPLICATE_METHOD_MATCH = YES;
				COPY_PHASE_STRIP = NO;
				DEBUG_INFORMATION_FORMAT = "dwarf-with-dsym";
				ENABLE_NS_ASSERTIONS = NO;
				ENABLE_STRICT_OBJC_MSGSEND = YES;
				ENABLE_USER_SCRIPT_SANDBOXING = YES;
				GCC_C_LANGUAGE_STANDARD = gnu17;
				GCC_NO_COMMON_BLOCKS = YES;
				GCC_WARN_64_TO_32_BIT_CONVERSION = YES;
				GCC_WARN_ABOUT_RETURN_TYPE = YES_ERROR;
				GCC_WARN_UNDECLARED_SELECTOR = YES;
				GCC_WARN_UNINITIALIZED_AUTOS = YES_AGGRESSIVE;
				GCC_WARN_UNUSED_FUNCTION = YES;
				GCC_WARN_UNUSED_VARIABLE = YES;
				IPHONEOS_DEPLOYMENT_TARGET = 17.4;
				LOCALIZATION_PREFERS_STRING_CATALOGS = YES;
				MTL_ENABLE_DEBUG_INFO = NO;
				MTL_FAST_MATH = YES;
				SDKROOT = iphoneos;
				SWIFT_COMPILATION_MODE = wholemodule;
				VALIDATE_PRODUCT = YES;
			};
			name = Release;
		};
		01201F7D2BF2BB6400DF973E /* Debug */ = {
			isa = XCBuildConfiguration;
			buildSettings = {
				ALWAYS_EMBED_SWIFT_STANDARD_LIBRARIES = YES;
				ASSETCATALOG_COMPILER_APPICON_NAME = AppIcon;
				ASSETCATALOG_COMPILER_GLOBAL_ACCENT_COLOR_NAME = AccentColor;
				ASSETCATALOG_COMPILER_INCLUDE_ALL_APPICON_ASSETS = NO;
				CODE_SIGN_ENTITLEMENTS = Zettelgarden/ZettelgardenDebug.entitlements;
				CODE_SIGN_IDENTITY = "Apple Development";
				CODE_SIGN_STYLE = Automatic;
				CURRENT_PROJECT_VERSION = 1;
				DEVELOPMENT_ASSET_PATHS = "\"Zettelgarden/Preview Content\"";
				DEVELOPMENT_TEAM = K2F766LH7S;
				ENABLE_PREVIEWS = YES;
				GENERATE_INFOPLIST_FILE = YES;
				INFOPLIST_KEY_UIApplicationSceneManifest_Generation = YES;
				INFOPLIST_KEY_UIApplicationSupportsIndirectInputEvents = YES;
				INFOPLIST_KEY_UILaunchScreen_Generation = YES;
				INFOPLIST_KEY_UISupportedInterfaceOrientations_iPad = "UIInterfaceOrientationPortrait UIInterfaceOrientationPortraitUpsideDown UIInterfaceOrientationLandscapeLeft UIInterfaceOrientationLandscapeRight";
				INFOPLIST_KEY_UISupportedInterfaceOrientations_iPhone = "UIInterfaceOrientationPortrait UIInterfaceOrientationLandscapeLeft UIInterfaceOrientationLandscapeRight";
				LD_RUNPATH_SEARCH_PATHS = (
					"$(inherited)",
					"@executable_path/Frameworks",
				);
				MARKETING_VERSION = 1.0;
				PRODUCT_BUNDLE_IDENTIFIER = com.zettelgarden.Zettelgarden;
				PRODUCT_NAME = "$(TARGET_NAME)";
				PROVISIONING_PROFILE_SPECIFIER = "";
				SWIFT_EMIT_LOC_STRINGS = YES;
				SWIFT_VERSION = 5.0;
				TARGETED_DEVICE_FAMILY = "1,2";
			};
			name = Debug;
		};
		01201F7E2BF2BB6400DF973E /* Release */ = {
			isa = XCBuildConfiguration;
			buildSettings = {
				ALWAYS_EMBED_SWIFT_STANDARD_LIBRARIES = YES;
				ASSETCATALOG_COMPILER_APPICON_NAME = AppIcon;
				ASSETCATALOG_COMPILER_GLOBAL_ACCENT_COLOR_NAME = AccentColor;
				ASSETCATALOG_COMPILER_INCLUDE_ALL_APPICON_ASSETS = NO;
				CODE_SIGN_IDENTITY = "Apple Development";
				CODE_SIGN_STYLE = Automatic;
				CURRENT_PROJECT_VERSION = 1;
				DEVELOPMENT_ASSET_PATHS = "\"Zettelgarden/Preview Content\"";
				DEVELOPMENT_TEAM = "";
				ENABLE_PREVIEWS = YES;
				GENERATE_INFOPLIST_FILE = YES;
				INFOPLIST_KEY_UIApplicationSceneManifest_Generation = YES;
				INFOPLIST_KEY_UIApplicationSupportsIndirectInputEvents = YES;
				INFOPLIST_KEY_UILaunchScreen_Generation = YES;
				INFOPLIST_KEY_UISupportedInterfaceOrientations_iPad = "UIInterfaceOrientationPortrait UIInterfaceOrientationPortraitUpsideDown UIInterfaceOrientationLandscapeLeft UIInterfaceOrientationLandscapeRight";
				INFOPLIST_KEY_UISupportedInterfaceOrientations_iPhone = "UIInterfaceOrientationPortrait UIInterfaceOrientationLandscapeLeft UIInterfaceOrientationLandscapeRight";
				LD_RUNPATH_SEARCH_PATHS = (
					"$(inherited)",
					"@executable_path/Frameworks",
				);
				MARKETING_VERSION = 1.0;
				PRODUCT_BUNDLE_IDENTIFIER = com.zettelgarden.Zettelgarden;
				PRODUCT_NAME = "$(TARGET_NAME)";
				PROVISIONING_PROFILE_SPECIFIER = "";
				SWIFT_EMIT_LOC_STRINGS = YES;
				SWIFT_VERSION = 5.0;
				TARGETED_DEVICE_FAMILY = "1,2";
			};
			name = Release;
		};
		01201F802BF2BB6400DF973E /* Debug */ = {
			isa = XCBuildConfiguration;
			buildSettings = {
				ALWAYS_EMBED_SWIFT_STANDARD_LIBRARIES = YES;
				BUNDLE_LOADER = "$(TEST_HOST)";
				CODE_SIGN_STYLE = Automatic;
				CURRENT_PROJECT_VERSION = 1;
				GENERATE_INFOPLIST_FILE = YES;
				IPHONEOS_DEPLOYMENT_TARGET = 17.4;
				MARKETING_VERSION = 1.0;
				PRODUCT_BUNDLE_IDENTIFIER = com.zettelgarden.ZettelgardenTests;
				PRODUCT_NAME = "$(TARGET_NAME)";
				SWIFT_EMIT_LOC_STRINGS = NO;
				SWIFT_VERSION = 5.0;
				TARGETED_DEVICE_FAMILY = "1,2";
				TEST_HOST = "$(BUILT_PRODUCTS_DIR)/Zettelgarden.app/$(BUNDLE_EXECUTABLE_FOLDER_PATH)/Zettelgarden";
			};
			name = Debug;
		};
		01201F812BF2BB6400DF973E /* Release */ = {
			isa = XCBuildConfiguration;
			buildSettings = {
				ALWAYS_EMBED_SWIFT_STANDARD_LIBRARIES = YES;
				BUNDLE_LOADER = "$(TEST_HOST)";
				CODE_SIGN_STYLE = Automatic;
				CURRENT_PROJECT_VERSION = 1;
				GENERATE_INFOPLIST_FILE = YES;
				IPHONEOS_DEPLOYMENT_TARGET = 17.4;
				MARKETING_VERSION = 1.0;
				PRODUCT_BUNDLE_IDENTIFIER = com.zettelgarden.ZettelgardenTests;
				PRODUCT_NAME = "$(TARGET_NAME)";
				SWIFT_EMIT_LOC_STRINGS = NO;
				SWIFT_VERSION = 5.0;
				TARGETED_DEVICE_FAMILY = "1,2";
				TEST_HOST = "$(BUILT_PRODUCTS_DIR)/Zettelgarden.app/$(BUNDLE_EXECUTABLE_FOLDER_PATH)/Zettelgarden";
			};
			name = Release;
		};
		01201F832BF2BB6400DF973E /* Debug */ = {
			isa = XCBuildConfiguration;
			buildSettings = {
				ALWAYS_EMBED_SWIFT_STANDARD_LIBRARIES = YES;
				CODE_SIGN_STYLE = Automatic;
				CURRENT_PROJECT_VERSION = 1;
				GENERATE_INFOPLIST_FILE = YES;
				MARKETING_VERSION = 1.0;
				PRODUCT_BUNDLE_IDENTIFIER = com.zettelgarden.ZettelgardenUITests;
				PRODUCT_NAME = "$(TARGET_NAME)";
				SWIFT_EMIT_LOC_STRINGS = NO;
				SWIFT_VERSION = 5.0;
				TARGETED_DEVICE_FAMILY = "1,2";
				TEST_TARGET_NAME = Zettelgarden;
			};
			name = Debug;
		};
		01201F842BF2BB6400DF973E /* Release */ = {
			isa = XCBuildConfiguration;
			buildSettings = {
				ALWAYS_EMBED_SWIFT_STANDARD_LIBRARIES = YES;
				CODE_SIGN_STYLE = Automatic;
				CURRENT_PROJECT_VERSION = 1;
				GENERATE_INFOPLIST_FILE = YES;
				MARKETING_VERSION = 1.0;
				PRODUCT_BUNDLE_IDENTIFIER = com.zettelgarden.ZettelgardenUITests;
				PRODUCT_NAME = "$(TARGET_NAME)";
				SWIFT_EMIT_LOC_STRINGS = NO;
				SWIFT_VERSION = 5.0;
				TARGETED_DEVICE_FAMILY = "1,2";
				TEST_TARGET_NAME = Zettelgarden;
			};
			name = Release;
		};
		01953E842C7681B700F44FAD /* Debug */ = {
			isa = XCBuildConfiguration;
			buildSettings = {
				CODE_SIGN_ENTITLEMENTS = ZettelgardenShare/ZettelgardenShareDebug.entitlements;
				CODE_SIGN_IDENTITY = "Apple Development";
				CODE_SIGN_STYLE = Automatic;
				CURRENT_PROJECT_VERSION = 1;
				DEVELOPMENT_TEAM = K2F766LH7S;
				GENERATE_INFOPLIST_FILE = YES;
				INFOPLIST_FILE = ZettelgardenShare/Info.plist;
				INFOPLIST_KEY_CFBundleDisplayName = ZettelgardenShare;
				INFOPLIST_KEY_NSHumanReadableCopyright = "";
				IPHONEOS_DEPLOYMENT_TARGET = 17.5;
				LD_RUNPATH_SEARCH_PATHS = (
					"$(inherited)",
					"@executable_path/Frameworks",
					"@executable_path/../../Frameworks",
				);
				MARKETING_VERSION = 1.0;
				PRODUCT_BUNDLE_IDENTIFIER = com.zettelgarden.Zettelgarden.ZettelgardenShare;
				PRODUCT_NAME = "$(TARGET_NAME)";
				SKIP_INSTALL = YES;
				SWIFT_EMIT_LOC_STRINGS = YES;
				SWIFT_VERSION = 5.0;
				TARGETED_DEVICE_FAMILY = "1,2";
			};
			name = Debug;
		};
		01953E852C7681B700F44FAD /* Release */ = {
			isa = XCBuildConfiguration;
			buildSettings = {
				CODE_SIGN_IDENTITY = "Apple Development";
				CODE_SIGN_STYLE = Automatic;
				CURRENT_PROJECT_VERSION = 1;
				DEVELOPMENT_TEAM = "";
				GENERATE_INFOPLIST_FILE = YES;
				INFOPLIST_FILE = ZettelgardenShare/Info.plist;
				INFOPLIST_KEY_CFBundleDisplayName = ZettelgardenShare;
				INFOPLIST_KEY_NSHumanReadableCopyright = "";
				IPHONEOS_DEPLOYMENT_TARGET = 17.5;
				LD_RUNPATH_SEARCH_PATHS = (
					"$(inherited)",
					"@executable_path/Frameworks",
					"@executable_path/../../Frameworks",
				);
				MARKETING_VERSION = 1.0;
				PRODUCT_BUNDLE_IDENTIFIER = com.zettelgarden.Zettelgarden.ZettelgardenShare;
				PRODUCT_NAME = "$(TARGET_NAME)";
				SKIP_INSTALL = YES;
				SWIFT_EMIT_LOC_STRINGS = YES;
				SWIFT_VERSION = 5.0;
				TARGETED_DEVICE_FAMILY = "1,2";
			};
			name = Release;
		};
		01953EB92C76845500F44FAD /* Debug */ = {
			isa = XCBuildConfiguration;
			buildSettings = {
				BUILD_LIBRARY_FOR_DISTRIBUTION = YES;
				CODE_SIGN_IDENTITY = "Apple Development";
				CODE_SIGN_STYLE = Automatic;
				CURRENT_PROJECT_VERSION = 1;
				DEFINES_MODULE = YES;
				DEVELOPMENT_TEAM = K2F766LH7S;
				DYLIB_COMPATIBILITY_VERSION = 1;
				DYLIB_CURRENT_VERSION = 1;
				DYLIB_INSTALL_NAME_BASE = "@rpath";
				ENABLE_MODULE_VERIFIER = YES;
				GENERATE_INFOPLIST_FILE = YES;
				INFOPLIST_KEY_NSHumanReadableCopyright = "";
				INSTALL_PATH = "$(LOCAL_LIBRARY_DIR)/Frameworks";
				IPHONEOS_DEPLOYMENT_TARGET = 17.5;
				LD_RUNPATH_SEARCH_PATHS = (
					"$(inherited)",
					"@executable_path/Frameworks",
					"@loader_path/Frameworks",
				);
				MARKETING_VERSION = 1.0;
				MODULE_VERIFIER_SUPPORTED_LANGUAGES = "objective-c objective-c++";
				MODULE_VERIFIER_SUPPORTED_LANGUAGE_STANDARDS = "gnu17 gnu++20";
				PRODUCT_BUNDLE_IDENTIFIER = com.zettelgarden.Zettelgarden.ZettelgardenShared;
				PRODUCT_NAME = "$(TARGET_NAME:c99extidentifier)";
				SKIP_INSTALL = YES;
				SWIFT_EMIT_LOC_STRINGS = YES;
				SWIFT_INSTALL_OBJC_HEADER = NO;
				SWIFT_VERSION = 5.0;
				TARGETED_DEVICE_FAMILY = "1,2";
				VERSIONING_SYSTEM = "apple-generic";
				VERSION_INFO_PREFIX = "";
			};
			name = Debug;
		};
		01953EBA2C76845500F44FAD /* Release */ = {
			isa = XCBuildConfiguration;
			buildSettings = {
				BUILD_LIBRARY_FOR_DISTRIBUTION = YES;
				CODE_SIGN_IDENTITY = "Apple Development";
				CODE_SIGN_STYLE = Automatic;
				CURRENT_PROJECT_VERSION = 1;
				DEFINES_MODULE = YES;
				DEVELOPMENT_TEAM = "";
				DYLIB_COMPATIBILITY_VERSION = 1;
				DYLIB_CURRENT_VERSION = 1;
				DYLIB_INSTALL_NAME_BASE = "@rpath";
				ENABLE_MODULE_VERIFIER = YES;
				GENERATE_INFOPLIST_FILE = YES;
				INFOPLIST_KEY_NSHumanReadableCopyright = "";
				INSTALL_PATH = "$(LOCAL_LIBRARY_DIR)/Frameworks";
				IPHONEOS_DEPLOYMENT_TARGET = 17.5;
				LD_RUNPATH_SEARCH_PATHS = (
					"$(inherited)",
					"@executable_path/Frameworks",
					"@loader_path/Frameworks",
				);
				MARKETING_VERSION = 1.0;
				MODULE_VERIFIER_SUPPORTED_LANGUAGES = "objective-c objective-c++";
				MODULE_VERIFIER_SUPPORTED_LANGUAGE_STANDARDS = "gnu17 gnu++20";
				PRODUCT_BUNDLE_IDENTIFIER = com.zettelgarden.Zettelgarden.ZettelgardenShared;
				PRODUCT_NAME = "$(TARGET_NAME:c99extidentifier)";
				SKIP_INSTALL = YES;
				SWIFT_EMIT_LOC_STRINGS = YES;
				SWIFT_INSTALL_OBJC_HEADER = NO;
				SWIFT_VERSION = 5.0;
				TARGETED_DEVICE_FAMILY = "1,2";
				VERSIONING_SYSTEM = "apple-generic";
				VERSION_INFO_PREFIX = "";
			};
			name = Release;
		};
/* End XCBuildConfiguration section */

/* Begin XCConfigurationList section */
		01201F532BF2BB6200DF973E /* Build configuration list for PBXProject "Zettelgarden" */ = {
			isa = XCConfigurationList;
			buildConfigurations = (
				01201F7A2BF2BB6400DF973E /* Debug */,
				01201F7B2BF2BB6400DF973E /* Release */,
			);
			defaultConfigurationIsVisible = 0;
			defaultConfigurationName = Release;
		};
		01201F7C2BF2BB6400DF973E /* Build configuration list for PBXNativeTarget "Zettelgarden" */ = {
			isa = XCConfigurationList;
			buildConfigurations = (
				01201F7D2BF2BB6400DF973E /* Debug */,
				01201F7E2BF2BB6400DF973E /* Release */,
			);
			defaultConfigurationIsVisible = 0;
			defaultConfigurationName = Release;
		};
		01201F7F2BF2BB6400DF973E /* Build configuration list for PBXNativeTarget "ZettelgardenTests" */ = {
			isa = XCConfigurationList;
			buildConfigurations = (
				01201F802BF2BB6400DF973E /* Debug */,
				01201F812BF2BB6400DF973E /* Release */,
			);
			defaultConfigurationIsVisible = 0;
			defaultConfigurationName = Release;
		};
		01201F822BF2BB6400DF973E /* Build configuration list for PBXNativeTarget "ZettelgardenUITests" */ = {
			isa = XCConfigurationList;
			buildConfigurations = (
				01201F832BF2BB6400DF973E /* Debug */,
				01201F842BF2BB6400DF973E /* Release */,
			);
			defaultConfigurationIsVisible = 0;
			defaultConfigurationName = Release;
		};
		01953E832C7681B700F44FAD /* Build configuration list for PBXNativeTarget "ZettelgardenShare" */ = {
			isa = XCConfigurationList;
			buildConfigurations = (
				01953E842C7681B700F44FAD /* Debug */,
				01953E852C7681B700F44FAD /* Release */,
			);
			defaultConfigurationIsVisible = 0;
			defaultConfigurationName = Release;
		};
		01953EBB2C76845500F44FAD /* Build configuration list for PBXNativeTarget "ZettelgardenShared" */ = {
			isa = XCConfigurationList;
			buildConfigurations = (
				01953EB92C76845500F44FAD /* Debug */,
				01953EBA2C76845500F44FAD /* Release */,
			);
			defaultConfigurationIsVisible = 0;
			defaultConfigurationName = Release;
		};
/* End XCConfigurationList section */
	};
	rootObject = 01201F502BF2BB6200DF973E /* Project object */;
}
